
Microsoft Visual Studio Solution File, Format Version 12.00
# Visual Studio Version 16
VisualStudioVersion = 16.0.30907.101
MinimumVisualStudioVersion = 10.0.40219.1
Project("{FAE04EC0-301F-11D3-BF4B-00C04F79EFBC}") = "API.Main", "API.Main\API.Main.csproj", "{FE8DF4F2-2F23-4714-B549-0ABA7F6E25C8}"
EndProject
Project("{FAE04EC0-301F-11D3-BF4B-00C04F79EFBC}") = "Core", "Core\Core.csproj", "{7D87737C-CF80-4941-9CF6-1D0EB89567F6}"
EndProject
Project("{FAE04EC0-301F-11D3-BF4B-00C04F79EFBC}") = "Infrastructure", "Infrastructure\Infrastructure.csproj", "{DD2DE1C3-FE1E-4821-9817-E3CE3DBCAE51}"
EndProject
Global
	GlobalSection(SolutionConfigurationPlatforms) = preSolution
		Debug|Any CPU = Debug|Any CPU
		Release|Any CPU = Release|Any CPU
	EndGlobalSection
	GlobalSection(ProjectConfigurationPlatforms) = postSolution
		{FE8DF4F2-2F23-4714-B549-0ABA7F6E25C8}.Debug|Any CPU.ActiveCfg = Debug|Any CPU
		{FE8DF4F2-2F23-4714-B549-0ABA7F6E25C8}.Debug|Any CPU.Build.0 = Debug|Any CPU
		{FE8DF4F2-2F23-4714-B549-0ABA7F6E25C8}.Release|Any CPU.ActiveCfg = Release|Any CPU
		{FE8DF4F2-2F23-4714-B549-0ABA7F6E25C8}.Release|Any CPU.Build.0 = Release|Any CPU
		{7D87737C-CF80-4941-9CF6-1D0EB89567F6}.Debug|Any CPU.ActiveCfg = Debug|Any CPU
		{7D87737C-CF80-4941-9CF6-1D0EB89567F6}.Debug|Any CPU.Build.0 = Debug|Any CPU
		{7D87737C-CF80-4941-9CF6-1D0EB89567F6}.Release|Any CPU.ActiveCfg = Release|Any CPU
		{7D87737C-CF80-4941-9CF6-1D0EB89567F6}.Release|Any CPU.Build.0 = Release|Any CPU
		{DD2DE1C3-FE1E-4821-9817-E3CE3DBCAE51}.Debug|Any CPU.ActiveCfg = Debug|Any CPU
		{DD2DE1C3-FE1E-4821-9817-E3CE3DBCAE51}.Debug|Any CPU.Build.0 = Debug|Any CPU
		{DD2DE1C3-FE1E-4821-9817-E3CE3DBCAE51}.Release|Any CPU.ActiveCfg = Release|Any CPU
		{DD2DE1C3-FE1E-4821-9817-E3CE3DBCAE51}.Release|Any CPU.Build.0 = Release|Any CPU
	EndGlobalSection
	GlobalSection(SolutionProperties) = preSolution
		HideSolutionNode = FALSE
	EndGlobalSection
	GlobalSection(ExtensibilityGlobals) = postSolution
		SolutionGuid = {FA67736B-0991-4DCB-A07F-D5CD1C645BC0}
	EndGlobalSection
EndGlobal
